dependencies:
- name: agentgateway-crds
  repository: oci://cr.agentgateway.dev/charts
  version: v1.2.1
- name: muster-crds
  repository: oci://gsoci.azurecr.io/charts/giantswarm
  version: 0.3.13
- name: kagent-crds
  repository: oci://ghcr.io/kagent-dev/kagent/helm
  version: 0.9.6
digest: sha256:7c0f5d03ac3e44b2e55d52c89e6efbf3072e259f0e320dfa1c8e2ba8aba4010a
generated: "2026-06-10T23:48:34.299621368Z"
