dependencies:
- name: agentgateway-crds
  repository: oci://cr.agentgateway.dev/charts
  version: v1.2.1
- name: muster-crds
  repository: oci://gsoci.azurecr.io/charts/giantswarm
  version: 0.7.2
- name: kagent-crds
  repository: oci://ghcr.io/kagent-dev/kagent/helm
  version: 0.9.9
- name: agent-sandbox-crds
  repository: oci://gsoci.azurecr.io/charts/giantswarm
  version: 0.1.1
digest: sha256:ac49049298622df1708ed4fc1d0621e236643dc52d24c547595837b6265107d6
generated: "2026-06-18T01:07:12.441506058Z"
