dependencies:
- name: muster
  repository: oci://gsoci.azurecr.io/charts/giantswarm
  version: 0.3.9
- name: agentgateway
  repository: oci://cr.agentgateway.dev/charts
  version: v2.2.1
- name: valkey
  repository: oci://giantswarmpublic.azurecr.io/giantswarm-catalog
  version: 0.1.2
- name: agentic-platform-mcps
  repository: oci://gsoci.azurecr.io/charts/giantswarm
  version: 0.2.5
- name: kagent
  repository: oci://ghcr.io/kagent-dev/kagent/helm
  version: 0.9.6
digest: sha256:65769b81e6eb86889da7cd0ed28688946570c1d8e23f30e9b564a05578eda277
generated: "2026-06-10T08:03:09.47619823Z"
