dependencies:
- name: muster
  repository: oci://gsoci.azurecr.io/charts/giantswarm
  version: 0.5.5
- name: agentgateway
  repository: oci://cr.agentgateway.dev/charts
  version: v1.2.1
- name: valkey
  repository: oci://giantswarmpublic.azurecr.io/giantswarm-catalog
  version: 0.1.2
- name: agentic-platform-mcps
  repository: oci://gsoci.azurecr.io/charts/giantswarm
  version: 0.4.1
- name: kagent
  repository: oci://ghcr.io/kagent-dev/kagent/helm
  version: 0.9.7
- name: klaus-gateway
  repository: oci://gsoci.azurecr.io/charts/giantswarm
  version: 0.2.2
digest: sha256:c4b839f318719bdd0e45ee48662f2afaa80f9c7be05654f7da3aba714b410a11
generated: "2026-06-16T11:28:08.534920699Z"
