dependencies:
- name: muster
  repository: oci://gsoci.azurecr.io/charts/giantswarm
  version: 0.1.213
- name: agentgateway
  repository: oci://cr.agentgateway.dev/charts
  version: v1.2.1
- name: valkey
  repository: oci://giantswarmpublic.azurecr.io/giantswarm-catalog
  version: 0.1.2
digest: sha256:1f6e7a95ca7bfcf1d4c988d440c9a824a2b576865adb5569a2b366c350252d22
generated: "2026-05-28T09:38:01.992941+02:00"
